
Microsoft Visual Studio Solution File, Format Version 12.00
# Visual Studio Version 16
VisualStudioVersion = 16.0.29519.181
MinimumVisualStudioVersion = 10.0.40219.1
Project("{8BC9CEB8-8B4A-11D0-8D11-00A0C91BC942}") = "Event", "Event\Event.vcxproj", "{2A76AE28-7CCB-441F-8810-D6DD4E9C5926}"
EndProject
Project("{8BC9CEB8-8B4A-11D0-8D11-00A0C91BC942}") = "simulation", "simulation\simulation.vcxproj", "{353D389F-E073-4200-A8EF-641E03EE7BA7}"
EndProject
Project("{8BC9CEB8-8B4A-11D0-8D11-00A0C91BC942}") = "sort", "sort\sort.vcxproj", "{0E576F0E-C0F9-4920-A7FC-6F1769650D6D}"
EndProject
Project("{8BC9CEB8-8B4A-11D0-8D11-00A0C91BC942}") = "Tree", "Tree\Tree.vcxproj", "{5B17F434-3DB8-472C-A7F0-630D564B29DC}"
EndProject
Project("{8BC9CEB8-8B4A-11D0-8D11-00A0C91BC942}") = "samsung", "samsung\samsung.vcxproj", "{E4E45AD3-7A5B-4579-AF30-E0C243C6E3A3}"
EndProject
Project("{8BC9CEB8-8B4A-11D0-8D11-00A0C91BC942}") = "Level_Up", "Level_Up\Level_Up.vcxproj", "{8285C05B-32CF-4EC1-8DB9-7EF334C4389F}"
EndProject
Project("{8BC9CEB8-8B4A-11D0-8D11-00A0C91BC942}") = "N_and_M", "N_and_M\N_and_M.vcxproj", "{2ACF166A-4492-452E-AE17-ED191614E3FB}"
EndProject
Global
	GlobalSection(SolutionConfigurationPlatforms) = preSolution
		Debug|x64 = Debug|x64
		Debug|x86 = Debug|x86
		Release|x64 = Release|x64
		Release|x86 = Release|x86
	EndGlobalSection
	GlobalSection(ProjectConfigurationPlatforms) = postSolution
		{2A76AE28-7CCB-441F-8810-D6DD4E9C5926}.Debug|x64.ActiveCfg = Debug|x64
		{2A76AE28-7CCB-441F-8810-D6DD4E9C5926}.Debug|x64.Build.0 = Debug|x64
		{2A76AE28-7CCB-441F-8810-D6DD4E9C5926}.Debug|x86.ActiveCfg = Debug|Win32
		{2A76AE28-7CCB-441F-8810-D6DD4E9C5926}.Debug|x86.Build.0 = Debug|Win32
		{2A76AE28-7CCB-441F-8810-D6DD4E9C5926}.Release|x64.ActiveCfg = Release|x64
		{2A76AE28-7CCB-441F-8810-D6DD4E9C5926}.Release|x64.Build.0 = Release|x64
		{2A76AE28-7CCB-441F-8810-D6DD4E9C5926}.Release|x86.ActiveCfg = Release|Win32
		{2A76AE28-7CCB-441F-8810-D6DD4E9C5926}.Release|x86.Build.0 = Release|Win32
		{353D389F-E073-4200-A8EF-641E03EE7BA7}.Debug|x64.ActiveCfg = Debug|x64
		{353D389F-E073-4200-A8EF-641E03EE7BA7}.Debug|x64.Build.0 = Debug|x64
		{353D389F-E073-4200-A8EF-641E03EE7BA7}.Debug|x86.ActiveCfg = Debug|Win32
		{353D389F-E073-4200-A8EF-641E03EE7BA7}.Debug|x86.Build.0 = Debug|Win32
		{353D389F-E073-4200-A8EF-641E03EE7BA7}.Release|x64.ActiveCfg = Release|x64
		{353D389F-E073-4200-A8EF-641E03EE7BA7}.Release|x64.Build.0 = Release|x64
		{353D389F-E073-4200-A8EF-641E03EE7BA7}.Release|x86.ActiveCfg = Release|Win32
		{353D389F-E073-4200-A8EF-641E03EE7BA7}.Release|x86.Build.0 = Release|Win32
		{0E576F0E-C0F9-4920-A7FC-6F1769650D6D}.Debug|x64.ActiveCfg = Debug|x64
		{0E576F0E-C0F9-4920-A7FC-6F1769650D6D}.Debug|x64.Build.0 = Debug|x64
		{0E576F0E-C0F9-4920-A7FC-6F1769650D6D}.Debug|x86.ActiveCfg = Debug|Win32
		{0E576F0E-C0F9-4920-A7FC-6F1769650D6D}.Debug|x86.Build.0 = Debug|Win32
		{0E576F0E-C0F9-4920-A7FC-6F1769650D6D}.Release|x64.ActiveCfg = Release|x64
		{0E576F0E-C0F9-4920-A7FC-6F1769650D6D}.Release|x64.Build.0 = Release|x64
		{0E576F0E-C0F9-4920-A7FC-6F1769650D6D}.Release|x86.ActiveCfg = Release|Win32
		{0E576F0E-C0F9-4920-A7FC-6F1769650D6D}.Release|x86.Build.0 = Release|Win32
		{5B17F434-3DB8-472C-A7F0-630D564B29DC}.Debug|x64.ActiveCfg = Debug|x64
		{5B17F434-3DB8-472C-A7F0-630D564B29DC}.Debug|x64.Build.0 = Debug|x64
		{5B17F434-3DB8-472C-A7F0-630D564B29DC}.Debug|x86.ActiveCfg = Debug|Win32
		{5B17F434-3DB8-472C-A7F0-630D564B29DC}.Debug|x86.Build.0 = Debug|Win32
		{5B17F434-3DB8-472C-A7F0-630D564B29DC}.Release|x64.ActiveCfg = Release|x64
		{5B17F434-3DB8-472C-A7F0-630D564B29DC}.Release|x64.Build.0 = Release|x64
		{5B17F434-3DB8-472C-A7F0-630D564B29DC}.Release|x86.ActiveCfg = Release|Win32
		{5B17F434-3DB8-472C-A7F0-630D564B29DC}.Release|x86.Build.0 = Release|Win32
		{E4E45AD3-7A5B-4579-AF30-E0C243C6E3A3}.Debug|x64.ActiveCfg = Debug|x64
		{E4E45AD3-7A5B-4579-AF30-E0C243C6E3A3}.Debug|x64.Build.0 = Debug|x64
		{E4E45AD3-7A5B-4579-AF30-E0C243C6E3A3}.Debug|x86.ActiveCfg = Debug|Win32
		{E4E45AD3-7A5B-4579-AF30-E0C243C6E3A3}.Debug|x86.Build.0 = Debug|Win32
		{E4E45AD3-7A5B-4579-AF30-E0C243C6E3A3}.Release|x64.ActiveCfg = Release|x64
		{E4E45AD3-7A5B-4579-AF30-E0C243C6E3A3}.Release|x64.Build.0 = Release|x64
		{E4E45AD3-7A5B-4579-AF30-E0C243C6E3A3}.Release|x86.ActiveCfg = Release|Win32
		{E4E45AD3-7A5B-4579-AF30-E0C243C6E3A3}.Release|x86.Build.0 = Release|Win32
		{8285C05B-32CF-4EC1-8DB9-7EF334C4389F}.Debug|x64.ActiveCfg = Debug|x64
		{8285C05B-32CF-4EC1-8DB9-7EF334C4389F}.Debug|x64.Build.0 = Debug|x64
		{8285C05B-32CF-4EC1-8DB9-7EF334C4389F}.Debug|x86.ActiveCfg = Debug|Win32
		{8285C05B-32CF-4EC1-8DB9-7EF334C4389F}.Debug|x86.Build.0 = Debug|Win32
		{8285C05B-32CF-4EC1-8DB9-7EF334C4389F}.Release|x64.ActiveCfg = Release|x64
		{8285C05B-32CF-4EC1-8DB9-7EF334C4389F}.Release|x64.Build.0 = Release|x64
		{8285C05B-32CF-4EC1-8DB9-7EF334C4389F}.Release|x86.ActiveCfg = Release|Win32
		{8285C05B-32CF-4EC1-8DB9-7EF334C4389F}.Release|x86.Build.0 = Release|Win32
		{2ACF166A-4492-452E-AE17-ED191614E3FB}.Debug|x64.ActiveCfg = Debug|x64
		{2ACF166A-4492-452E-AE17-ED191614E3FB}.Debug|x64.Build.0 = Debug|x64
		{2ACF166A-4492-452E-AE17-ED191614E3FB}.Debug|x86.ActiveCfg = Debug|Win32
		{2ACF166A-4492-452E-AE17-ED191614E3FB}.Debug|x86.Build.0 = Debug|Win32
		{2ACF166A-4492-452E-AE17-ED191614E3FB}.Release|x64.ActiveCfg = Release|x64
		{2ACF166A-4492-452E-AE17-ED191614E3FB}.Release|x64.Build.0 = Release|x64
		{2ACF166A-4492-452E-AE17-ED191614E3FB}.Release|x86.ActiveCfg = Release|Win32
		{2ACF166A-4492-452E-AE17-ED191614E3FB}.Release|x86.Build.0 = Release|Win32
	EndGlobalSection
	GlobalSection(SolutionProperties) = preSolution
		HideSolutionNode = FALSE
	EndGlobalSection
	GlobalSection(ExtensibilityGlobals) = postSolution
		SolutionGuid = {C848F8AE-245A-4E59-BDA1-8A343062A636}
	EndGlobalSection
EndGlobal
