
Microsoft Visual Studio Solution File, Format Version 12.00
# Visual Studio Version 16
VisualStudioVersion = 16.0.29519.181
MinimumVisualStudioVersion = 10.0.40219.1
Project("{8BC9CEB8-8B4A-11D0-8D11-00A0C91BC942}") = "Event", "Event\Event.vcxproj", "{2A76AE28-7CCB-441F-8810-D6DD4E9C5926}"
EndProject
Project("{8BC9CEB8-8B4A-11D0-8D11-00A0C91BC942}") = "simulation", "simulation\simulation.vcxproj", "{353D389F-E073-4200-A8EF-641E03EE7BA7}"
EndProject
Project("{8BC9CEB8-8B4A-11D0-8D11-00A0C91BC942}") = "sort", "sort\sort.vcxproj", "{0E576F0E-C0F9-4920-A7FC-6F1769650D6D}"
EndProject
Project("{8BC9CEB8-8B4A-11D0-8D11-00A0C91BC942}") = "Tree", "Tree\Tree.vcxproj", "{5B17F434-3DB8-472C-A7F0-630D564B29DC}"
EndProject
Project("{8BC9CEB8-8B4A-11D0-8D11-00A0C91BC942}") = "samsung", "samsung\samsung.vcxproj", "{E4E45AD3-7A5B-4579-AF30-E0C243C6E3A3}"
EndProject
Project("{8BC9CEB8-8B4A-11D0-8D11-00A0C91BC942}") = "Level_Up", "Level_Up\Level_Up.vcxproj", "{8285C05B-32CF-4EC1-8DB9-7EF334C4389F}"
EndProject
Project("{8BC9CEB8-8B4A-11D0-8D11-00A0C91BC942}") = "N_and_M", "N_and_M\N_and_M.vcxproj", "{2ACF166A-4492-452E-AE17-ED191614E3FB}"
EndProject
Project("{8BC9CEB8-8B4A-11D0-8D11-00A0C91BC942}") = "codeforces", "codeforces\codeforces.vcxproj", "{5FB4CFD3-80E8-4ECF-9DBB-61E6C5F6B66A}"
EndProject
Project("{8BC9CEB8-8B4A-11D0-8D11-00A0C91BC942}") = "Greedy_Algorithm", "그리디알고리즘\그리디알고리즘.vcxproj", "{E7E91C28-7BA6-4AB5-9E4C-EE3F3682431E}"
EndProject
Project("{8BC9CEB8-8B4A-11D0-8D11-00A0C91BC942}") = "Graph", "Graph\Graph.vcxproj", "{C38A08A1-D07D-4AC8-AAFF-A1370D3AF690}"
EndProject
Project("{8BC9CEB8-8B4A-11D0-8D11-00A0C91BC942}") = "비트마스크", "비트마스크\비트마스크.vcxproj", "{76E524D5-5927-4CB4-8F22-D0E1AA312EB2}"
EndProject
Project("{8BC9CEB8-8B4A-11D0-8D11-00A0C91BC942}") = "kakao_intern_2020", "kakao_intern_2020\kakao_intern_2020.vcxproj", "{7E82F52E-7C89-4458-AE69-E79A653C6B4F}"
EndProject
Project("{8BC9CEB8-8B4A-11D0-8D11-00A0C91BC942}") = "Binary_Search", "Binary_Search\Binary_Search.vcxproj", "{24DB1E70-C20E-4EFE-A831-70C49F7D3BD2}"
EndProject
Project("{8BC9CEB8-8B4A-11D0-8D11-00A0C91BC942}") = "오늘의문제", "오늘의문제\오늘의문제.vcxproj", "{C4F03B21-C672-4667-9C18-39941C9C2419}"
EndProject
Project("{8BC9CEB8-8B4A-11D0-8D11-00A0C91BC942}") = "Union_FInd", "Union_FInd\Union_FInd.vcxproj", "{BCBE7FC3-6C71-4257-8F1F-E2E733ABA131}"
EndProject
Project("{8BC9CEB8-8B4A-11D0-8D11-00A0C91BC942}") = "Math", "Math\Math.vcxproj", "{777473F1-9D25-4D93-B560-0E33AE3755E4}"
EndProject
Project("{8BC9CEB8-8B4A-11D0-8D11-00A0C91BC942}") = "Segment_Tree", "Segment_Tree\Segment_Tree.vcxproj", "{916EF019-4DCE-4990-9A58-ABB95C62A8B9}"
EndProject
Global
	GlobalSection(SolutionConfigurationPlatforms) = preSolution
		Debug|x64 = Debug|x64
		Debug|x86 = Debug|x86
		Release|x64 = Release|x64
		Release|x86 = Release|x86
	EndGlobalSection
	GlobalSection(ProjectConfigurationPlatforms) = postSolution
		{2A76AE28-7CCB-441F-8810-D6DD4E9C5926}.Debug|x64.ActiveCfg = Debug|x64
		{2A76AE28-7CCB-441F-8810-D6DD4E9C5926}.Debug|x64.Build.0 = Debug|x64
		{2A76AE28-7CCB-441F-8810-D6DD4E9C5926}.Debug|x86.ActiveCfg = Debug|Win32
		{2A76AE28-7CCB-441F-8810-D6DD4E9C5926}.Debug|x86.Build.0 = Debug|Win32
		{2A76AE28-7CCB-441F-8810-D6DD4E9C5926}.Release|x64.ActiveCfg = Release|x64
		{2A76AE28-7CCB-441F-8810-D6DD4E9C5926}.Release|x64.Build.0 = Release|x64
		{2A76AE28-7CCB-441F-8810-D6DD4E9C5926}.Release|x86.ActiveCfg = Release|Win32
		{2A76AE28-7CCB-441F-8810-D6DD4E9C5926}.Release|x86.Build.0 = Release|Win32
		{353D389F-E073-4200-A8EF-641E03EE7BA7}.Debug|x64.ActiveCfg = Debug|x64
		{353D389F-E073-4200-A8EF-641E03EE7BA7}.Debug|x64.Build.0 = Debug|x64
		{353D389F-E073-4200-A8EF-641E03EE7BA7}.Debug|x86.ActiveCfg = Debug|Win32
		{353D389F-E073-4200-A8EF-641E03EE7BA7}.Debug|x86.Build.0 = Debug|Win32
		{353D389F-E073-4200-A8EF-641E03EE7BA7}.Release|x64.ActiveCfg = Release|x64
		{353D389F-E073-4200-A8EF-641E03EE7BA7}.Release|x64.Build.0 = Release|x64
		{353D389F-E073-4200-A8EF-641E03EE7BA7}.Release|x86.ActiveCfg = Release|Win32
		{353D389F-E073-4200-A8EF-641E03EE7BA7}.Release|x86.Build.0 = Release|Win32
		{0E576F0E-C0F9-4920-A7FC-6F1769650D6D}.Debug|x64.ActiveCfg = Debug|x64
		{0E576F0E-C0F9-4920-A7FC-6F1769650D6D}.Debug|x64.Build.0 = Debug|x64
		{0E576F0E-C0F9-4920-A7FC-6F1769650D6D}.Debug|x86.ActiveCfg = Debug|Win32
		{0E576F0E-C0F9-4920-A7FC-6F1769650D6D}.Debug|x86.Build.0 = Debug|Win32
		{0E576F0E-C0F9-4920-A7FC-6F1769650D6D}.Release|x64.ActiveCfg = Release|x64
		{0E576F0E-C0F9-4920-A7FC-6F1769650D6D}.Release|x64.Build.0 = Release|x64
		{0E576F0E-C0F9-4920-A7FC-6F1769650D6D}.Release|x86.ActiveCfg = Release|Win32
		{0E576F0E-C0F9-4920-A7FC-6F1769650D6D}.Release|x86.Build.0 = Release|Win32
		{5B17F434-3DB8-472C-A7F0-630D564B29DC}.Debug|x64.ActiveCfg = Debug|x64
		{5B17F434-3DB8-472C-A7F0-630D564B29DC}.Debug|x64.Build.0 = Debug|x64
		{5B17F434-3DB8-472C-A7F0-630D564B29DC}.Debug|x86.ActiveCfg = Debug|Win32
		{5B17F434-3DB8-472C-A7F0-630D564B29DC}.Debug|x86.Build.0 = Debug|Win32
		{5B17F434-3DB8-472C-A7F0-630D564B29DC}.Release|x64.ActiveCfg = Release|x64
		{5B17F434-3DB8-472C-A7F0-630D564B29DC}.Release|x64.Build.0 = Release|x64
		{5B17F434-3DB8-472C-A7F0-630D564B29DC}.Release|x86.ActiveCfg = Release|Win32
		{5B17F434-3DB8-472C-A7F0-630D564B29DC}.Release|x86.Build.0 = Release|Win32
		{E4E45AD3-7A5B-4579-AF30-E0C243C6E3A3}.Debug|x64.ActiveCfg = Debug|x64
		{E4E45AD3-7A5B-4579-AF30-E0C243C6E3A3}.Debug|x64.Build.0 = Debug|x64
		{E4E45AD3-7A5B-4579-AF30-E0C243C6E3A3}.Debug|x86.ActiveCfg = Debug|Win32
		{E4E45AD3-7A5B-4579-AF30-E0C243C6E3A3}.Debug|x86.Build.0 = Debug|Win32
		{E4E45AD3-7A5B-4579-AF30-E0C243C6E3A3}.Release|x64.ActiveCfg = Release|x64
		{E4E45AD3-7A5B-4579-AF30-E0C243C6E3A3}.Release|x64.Build.0 = Release|x64
		{E4E45AD3-7A5B-4579-AF30-E0C243C6E3A3}.Release|x86.ActiveCfg = Release|Win32
		{E4E45AD3-7A5B-4579-AF30-E0C243C6E3A3}.Release|x86.Build.0 = Release|Win32
		{8285C05B-32CF-4EC1-8DB9-7EF334C4389F}.Debug|x64.ActiveCfg = Debug|x64
		{8285C05B-32CF-4EC1-8DB9-7EF334C4389F}.Debug|x64.Build.0 = Debug|x64
		{8285C05B-32CF-4EC1-8DB9-7EF334C4389F}.Debug|x86.ActiveCfg = Debug|Win32
		{8285C05B-32CF-4EC1-8DB9-7EF334C4389F}.Debug|x86.Build.0 = Debug|Win32
		{8285C05B-32CF-4EC1-8DB9-7EF334C4389F}.Release|x64.ActiveCfg = Release|x64
		{8285C05B-32CF-4EC1-8DB9-7EF334C4389F}.Release|x64.Build.0 = Release|x64
		{8285C05B-32CF-4EC1-8DB9-7EF334C4389F}.Release|x86.ActiveCfg = Release|Win32
		{8285C05B-32CF-4EC1-8DB9-7EF334C4389F}.Release|x86.Build.0 = Release|Win32
		{2ACF166A-4492-452E-AE17-ED191614E3FB}.Debug|x64.ActiveCfg = Debug|x64
		{2ACF166A-4492-452E-AE17-ED191614E3FB}.Debug|x64.Build.0 = Debug|x64
		{2ACF166A-4492-452E-AE17-ED191614E3FB}.Debug|x86.ActiveCfg = Debug|Win32
		{2ACF166A-4492-452E-AE17-ED191614E3FB}.Debug|x86.Build.0 = Debug|Win32
		{2ACF166A-4492-452E-AE17-ED191614E3FB}.Release|x64.ActiveCfg = Release|x64
		{2ACF166A-4492-452E-AE17-ED191614E3FB}.Release|x64.Build.0 = Release|x64
		{2ACF166A-4492-452E-AE17-ED191614E3FB}.Release|x86.ActiveCfg = Release|Win32
		{2ACF166A-4492-452E-AE17-ED191614E3FB}.Release|x86.Build.0 = Release|Win32
		{5FB4CFD3-80E8-4ECF-9DBB-61E6C5F6B66A}.Debug|x64.ActiveCfg = Debug|x64
		{5FB4CFD3-80E8-4ECF-9DBB-61E6C5F6B66A}.Debug|x64.Build.0 = Debug|x64
		{5FB4CFD3-80E8-4ECF-9DBB-61E6C5F6B66A}.Debug|x86.ActiveCfg = Debug|Win32
		{5FB4CFD3-80E8-4ECF-9DBB-61E6C5F6B66A}.Debug|x86.Build.0 = Debug|Win32
		{5FB4CFD3-80E8-4ECF-9DBB-61E6C5F6B66A}.Release|x64.ActiveCfg = Release|x64
		{5FB4CFD3-80E8-4ECF-9DBB-61E6C5F6B66A}.Release|x64.Build.0 = Release|x64
		{5FB4CFD3-80E8-4ECF-9DBB-61E6C5F6B66A}.Release|x86.ActiveCfg = Release|Win32
		{5FB4CFD3-80E8-4ECF-9DBB-61E6C5F6B66A}.Release|x86.Build.0 = Release|Win32
		{E7E91C28-7BA6-4AB5-9E4C-EE3F3682431E}.Debug|x64.ActiveCfg = Debug|x64
		{E7E91C28-7BA6-4AB5-9E4C-EE3F3682431E}.Debug|x64.Build.0 = Debug|x64
		{E7E91C28-7BA6-4AB5-9E4C-EE3F3682431E}.Debug|x86.ActiveCfg = Debug|Win32
		{E7E91C28-7BA6-4AB5-9E4C-EE3F3682431E}.Debug|x86.Build.0 = Debug|Win32
		{E7E91C28-7BA6-4AB5-9E4C-EE3F3682431E}.Release|x64.ActiveCfg = Release|x64
		{E7E91C28-7BA6-4AB5-9E4C-EE3F3682431E}.Release|x64.Build.0 = Release|x64
		{E7E91C28-7BA6-4AB5-9E4C-EE3F3682431E}.Release|x86.ActiveCfg = Release|Win32
		{E7E91C28-7BA6-4AB5-9E4C-EE3F3682431E}.Release|x86.Build.0 = Release|Win32
		{C38A08A1-D07D-4AC8-AAFF-A1370D3AF690}.Debug|x64.ActiveCfg = Debug|x64
		{C38A08A1-D07D-4AC8-AAFF-A1370D3AF690}.Debug|x64.Build.0 = Debug|x64
		{C38A08A1-D07D-4AC8-AAFF-A1370D3AF690}.Debug|x86.ActiveCfg = Debug|Win32
		{C38A08A1-D07D-4AC8-AAFF-A1370D3AF690}.Debug|x86.Build.0 = Debug|Win32
		{C38A08A1-D07D-4AC8-AAFF-A1370D3AF690}.Release|x64.ActiveCfg = Release|x64
		{C38A08A1-D07D-4AC8-AAFF-A1370D3AF690}.Release|x64.Build.0 = Release|x64
		{C38A08A1-D07D-4AC8-AAFF-A1370D3AF690}.Release|x86.ActiveCfg = Release|Win32
		{C38A08A1-D07D-4AC8-AAFF-A1370D3AF690}.Release|x86.Build.0 = Release|Win32
		{76E524D5-5927-4CB4-8F22-D0E1AA312EB2}.Debug|x64.ActiveCfg = Debug|x64
		{76E524D5-5927-4CB4-8F22-D0E1AA312EB2}.Debug|x64.Build.0 = Debug|x64
		{76E524D5-5927-4CB4-8F22-D0E1AA312EB2}.Debug|x86.ActiveCfg = Debug|Win32
		{76E524D5-5927-4CB4-8F22-D0E1AA312EB2}.Debug|x86.Build.0 = Debug|Win32
		{76E524D5-5927-4CB4-8F22-D0E1AA312EB2}.Release|x64.ActiveCfg = Release|x64
		{76E524D5-5927-4CB4-8F22-D0E1AA312EB2}.Release|x64.Build.0 = Release|x64
		{76E524D5-5927-4CB4-8F22-D0E1AA312EB2}.Release|x86.ActiveCfg = Release|Win32
		{76E524D5-5927-4CB4-8F22-D0E1AA312EB2}.Release|x86.Build.0 = Release|Win32
		{7E82F52E-7C89-4458-AE69-E79A653C6B4F}.Debug|x64.ActiveCfg = Debug|x64
		{7E82F52E-7C89-4458-AE69-E79A653C6B4F}.Debug|x64.Build.0 = Debug|x64
		{7E82F52E-7C89-4458-AE69-E79A653C6B4F}.Debug|x86.ActiveCfg = Debug|Win32
		{7E82F52E-7C89-4458-AE69-E79A653C6B4F}.Debug|x86.Build.0 = Debug|Win32
		{7E82F52E-7C89-4458-AE69-E79A653C6B4F}.Release|x64.ActiveCfg = Release|x64
		{7E82F52E-7C89-4458-AE69-E79A653C6B4F}.Release|x64.Build.0 = Release|x64
		{7E82F52E-7C89-4458-AE69-E79A653C6B4F}.Release|x86.ActiveCfg = Release|Win32
		{7E82F52E-7C89-4458-AE69-E79A653C6B4F}.Release|x86.Build.0 = Release|Win32
		{24DB1E70-C20E-4EFE-A831-70C49F7D3BD2}.Debug|x64.ActiveCfg = Debug|x64
		{24DB1E70-C20E-4EFE-A831-70C49F7D3BD2}.Debug|x64.Build.0 = Debug|x64
		{24DB1E70-C20E-4EFE-A831-70C49F7D3BD2}.Debug|x86.ActiveCfg = Debug|Win32
		{24DB1E70-C20E-4EFE-A831-70C49F7D3BD2}.Debug|x86.Build.0 = Debug|Win32
		{24DB1E70-C20E-4EFE-A831-70C49F7D3BD2}.Release|x64.ActiveCfg = Release|x64
		{24DB1E70-C20E-4EFE-A831-70C49F7D3BD2}.Release|x64.Build.0 = Release|x64
		{24DB1E70-C20E-4EFE-A831-70C49F7D3BD2}.Release|x86.ActiveCfg = Release|Win32
		{24DB1E70-C20E-4EFE-A831-70C49F7D3BD2}.Release|x86.Build.0 = Release|Win32
		{C4F03B21-C672-4667-9C18-39941C9C2419}.Debug|x64.ActiveCfg = Debug|x64
		{C4F03B21-C672-4667-9C18-39941C9C2419}.Debug|x64.Build.0 = Debug|x64
		{C4F03B21-C672-4667-9C18-39941C9C2419}.Debug|x86.ActiveCfg = Debug|Win32
		{C4F03B21-C672-4667-9C18-39941C9C2419}.Debug|x86.Build.0 = Debug|Win32
		{C4F03B21-C672-4667-9C18-39941C9C2419}.Release|x64.ActiveCfg = Release|x64
		{C4F03B21-C672-4667-9C18-39941C9C2419}.Release|x64.Build.0 = Release|x64
		{C4F03B21-C672-4667-9C18-39941C9C2419}.Release|x86.ActiveCfg = Release|Win32
		{C4F03B21-C672-4667-9C18-39941C9C2419}.Release|x86.Build.0 = Release|Win32
		{BCBE7FC3-6C71-4257-8F1F-E2E733ABA131}.Debug|x64.ActiveCfg = Debug|x64
		{BCBE7FC3-6C71-4257-8F1F-E2E733ABA131}.Debug|x64.Build.0 = Debug|x64
		{BCBE7FC3-6C71-4257-8F1F-E2E733ABA131}.Debug|x86.ActiveCfg = Debug|Win32
		{BCBE7FC3-6C71-4257-8F1F-E2E733ABA131}.Debug|x86.Build.0 = Debug|Win32
		{BCBE7FC3-6C71-4257-8F1F-E2E733ABA131}.Release|x64.ActiveCfg = Release|x64
		{BCBE7FC3-6C71-4257-8F1F-E2E733ABA131}.Release|x64.Build.0 = Release|x64
		{BCBE7FC3-6C71-4257-8F1F-E2E733ABA131}.Release|x86.ActiveCfg = Release|Win32
		{BCBE7FC3-6C71-4257-8F1F-E2E733ABA131}.Release|x86.Build.0 = Release|Win32
		{777473F1-9D25-4D93-B560-0E33AE3755E4}.Debug|x64.ActiveCfg = Debug|x64
		{777473F1-9D25-4D93-B560-0E33AE3755E4}.Debug|x64.Build.0 = Debug|x64
		{777473F1-9D25-4D93-B560-0E33AE3755E4}.Debug|x86.ActiveCfg = Debug|Win32
		{777473F1-9D25-4D93-B560-0E33AE3755E4}.Debug|x86.Build.0 = Debug|Win32
		{777473F1-9D25-4D93-B560-0E33AE3755E4}.Release|x64.ActiveCfg = Release|x64
		{777473F1-9D25-4D93-B560-0E33AE3755E4}.Release|x64.Build.0 = Release|x64
		{777473F1-9D25-4D93-B560-0E33AE3755E4}.Release|x86.ActiveCfg = Release|Win32
		{777473F1-9D25-4D93-B560-0E33AE3755E4}.Release|x86.Build.0 = Release|Win32
		{916EF019-4DCE-4990-9A58-ABB95C62A8B9}.Debug|x64.ActiveCfg = Debug|x64
		{916EF019-4DCE-4990-9A58-ABB95C62A8B9}.Debug|x64.Build.0 = Debug|x64
		{916EF019-4DCE-4990-9A58-ABB95C62A8B9}.Debug|x86.ActiveCfg = Debug|Win32
		{916EF019-4DCE-4990-9A58-ABB95C62A8B9}.Debug|x86.Build.0 = Debug|Win32
		{916EF019-4DCE-4990-9A58-ABB95C62A8B9}.Release|x64.ActiveCfg = Release|x64
		{916EF019-4DCE-4990-9A58-ABB95C62A8B9}.Release|x64.Build.0 = Release|x64
		{916EF019-4DCE-4990-9A58-ABB95C62A8B9}.Release|x86.ActiveCfg = Release|Win32
		{916EF019-4DCE-4990-9A58-ABB95C62A8B9}.Release|x86.Build.0 = Release|Win32
	EndGlobalSection
	GlobalSection(SolutionProperties) = preSolution
		HideSolutionNode = FALSE
	EndGlobalSection
	GlobalSection(ExtensibilityGlobals) = postSolution
		SolutionGuid = {C848F8AE-245A-4E59-BDA1-8A343062A636}
	EndGlobalSection
EndGlobal
