<?xml version="1.0" encoding="utf-8"?>
<Project ToolsVersion="4.0" xmlns="http://schemas.microsoft.com/developer/msbuild/2003">
  <ItemGroup>
    <Filter Include="소스 파일">
      <UniqueIdentifier>{4FC737F1-C7A5-4376-A066-2A32D752A2FF}</UniqueIdentifier>
      <Extensions>cpp;c;cc;cxx;def;odl;idl;hpj;bat;asm;asmx</Extensions>
    </Filter>
    <Filter Include="헤더 파일">
      <UniqueIdentifier>{93995380-89BD-4b04-88EB-625FBE52EBFB}</UniqueIdentifier>
      <Extensions>h;hh;hpp;hxx;hm;inl;inc;ipp;xsd</Extensions>
    </Filter>
    <Filter Include="리소스 파일">
      <UniqueIdentifier>{67DA6AB6-F800-4c08-8B7A-83BB121AAD01}</UniqueIdentifier>
      <Extensions>rc;ico;cur;bmp;dlg;rc2;rct;bin;rgs;gif;jpg;jpeg;jpe;resx;tiff;tif;png;wav;mfcribbon-ms</Extensions>
    </Filter>
  </ItemGroup>
  <ItemGroup>
    <ClCompile Include="1463_1로만들기.cpp">
      <Filter>소스 파일</Filter>
    </ClCompile>
    <ClCompile Include="11726_2XN타일링.cpp">
      <Filter>소스 파일</Filter>
    </ClCompile>
    <ClCompile Include="11727_2XN타일링2.cpp">
      <Filter>소스 파일</Filter>
    </ClCompile>
    <ClCompile Include="9095_123더하기.cpp">
      <Filter>소스 파일</Filter>
    </ClCompile>
    <ClCompile Include="11052_카드구매하기.cpp">
      <Filter>소스 파일</Filter>
    </ClCompile>
    <ClCompile Include="10844_쉬운계단수.cpp">
      <Filter>소스 파일</Filter>
    </ClCompile>
    <ClCompile Include="11057_오르막수.cpp">
      <Filter>소스 파일</Filter>
    </ClCompile>
    <ClCompile Include="2193_이친수.cpp">
      <Filter>소스 파일</Filter>
    </ClCompile>
    <ClCompile Include="9465_스티커.cpp">
      <Filter>소스 파일</Filter>
    </ClCompile>
    <ClCompile Include="2156_포도주시식.cpp">
      <Filter>소스 파일</Filter>
    </ClCompile>
    <ClCompile Include="ReadMe.cpp">
      <Filter>소스 파일</Filter>
    </ClCompile>
    <ClCompile Include="11053_가장 긴 증가하는 부분 수열.cpp">
      <Filter>소스 파일</Filter>
    </ClCompile>
    <ClCompile Include="11055_가장 큰 증가하는 부분 수열.cpp">
      <Filter>소스 파일</Filter>
    </ClCompile>
    <ClCompile Include="11722_가장 긴 감소하는 부분 수열.cpp">
      <Filter>소스 파일</Filter>
    </ClCompile>
    <ClCompile Include="11054_가장 긴 바이토닉 부분 수열.cpp">
      <Filter>소스 파일</Filter>
    </ClCompile>
    <ClCompile Include="1912_연속합.cpp">
      <Filter>소스 파일</Filter>
    </ClCompile>
    <ClCompile Include="2579_계단오르기.cpp">
      <Filter>소스 파일</Filter>
    </ClCompile>
    <ClCompile Include="1699_제곱수의합.cpp">
      <Filter>소스 파일</Filter>
    </ClCompile>
    <ClCompile Include="2133_타일채우기.cpp">
      <Filter>소스 파일</Filter>
    </ClCompile>
    <ClCompile Include="9461_파도반수열.cpp">
      <Filter>소스 파일</Filter>
    </ClCompile>
    <ClCompile Include="2225_합분해.cpp">
      <Filter>소스 파일</Filter>
    </ClCompile>
    <ClCompile Include="2011_암호코드.cpp">
      <Filter>소스 파일</Filter>
    </ClCompile>
    <ClCompile Include="1003_피보나치함수.cpp">
      <Filter>소스 파일</Filter>
    </ClCompile>
    <ClCompile Include="1932_정수삼각형.cpp">
      <Filter>소스 파일</Filter>
    </ClCompile>
    <ClCompile Include="1149_RGB거리.cpp">
      <Filter>소스 파일</Filter>
    </ClCompile>
  </ItemGroup>
</Project>